Microsoft Visual Studio Solution File, Format Version 12.00
# Visual Studio 2012
Project("{FAE04EC0-301F-11D3-BF4B-00C04F79EFBC}") = "GitHubGameOff_2025", "GitHubGameOff_2025.csproj", "{C188F8A6-AA42-4374-8EB8-12833E80A4D0}"
EndProject
Global
	GlobalSection(SolutionConfigurationPlatforms) = preSolution
	Debug|Any CPU = Debug|Any CPU
	ExportDebug|Any CPU = ExportDebug|Any CPU
	ExportRelease|Any CPU = ExportRelease|Any CPU
	EndGlobalSection
	GlobalSection(ProjectConfigurationPlatforms) = postSolution
		{C188F8A6-AA42-4374-8EB8-12833E80A4D0}.Debug|Any CPU.ActiveCfg = Debug|Any CPU
		{C188F8A6-AA42-4374-8EB8-12833E80A4D0}.Debug|Any CPU.Build.0 = Debug|Any CPU
		{C188F8A6-AA42-4374-8EB8-12833E80A4D0}.ExportDebug|Any CPU.ActiveCfg = ExportDebug|Any CPU
		{C188F8A6-AA42-4374-8EB8-12833E80A4D0}.ExportDebug|Any CPU.Build.0 = ExportDebug|Any CPU
		{C188F8A6-AA42-4374-8EB8-12833E80A4D0}.ExportRelease|Any CPU.ActiveCfg = ExportRelease|Any CPU
		{C188F8A6-AA42-4374-8EB8-12833E80A4D0}.ExportRelease|Any CPU.Build.0 = ExportRelease|Any CPU
	EndGlobalSection
EndGlobal
